schema: '2.0'
stages:
  prepare_data:
    cmd: python data/prepare_data.py
    deps:
    - path: data/prepare_data.py
      hash: md5
      md5: afccd03e849e905b9d0e26bd0b78671a
      size: 160
    outs:
    - path: cifar10
      hash: md5
      md5: e252d2c8ba36d1ab3e21a873ab62daa3.dir
      size: 356712185
      nfiles: 9
  train:
    cmd: python main.py
    deps:
    - path: conf
      hash: md5
      md5: fb6919a18e1ef5bdca459286b88db343.dir
      size: 425
      nfiles: 6
    - path: modeling
      hash: md5
      md5: 2b99ca3652e59564af2698264cc70584.dir
      size: 15764
      nfiles: 8
    outs:
    - path: ddpm.pt
      hash: md5
      md5: d18e086f8029359ad5025ef70b511c3e
      size: 45471072
